
Microsoft Visual Studio Solution File, Format Version 12.00
# Visual Studio Version 17
VisualStudioVersion = 17.5.33516.290
MinimumVisualStudioVersion = 10.0.40219.1
Project("{FAE04EC0-301F-11D3-BF4B-00C04F79EFBC}") = "entitiyauthentication", "entitiyauthentication.csproj", "{11CAAEB7-DFEB-4367-9139-49BE7E2C8B48}"
EndProject
Global
	GlobalSection(SolutionConfigurationPlatforms) = preSolution
		Debug|Any CPU = Debug|Any CPU
		Release|Any CPU = Release|Any CPU
	EndGlobalSection
	GlobalSection(ProjectConfigurationPlatforms) = postSolution
		{11CAAEB7-DFEB-4367-9139-49BE7E2C8B48}.Debug|Any CPU.ActiveCfg = Debug|Any CPU
		{11CAAEB7-DFEB-4367-9139-49BE7E2C8B48}.Debug|Any CPU.Build.0 = Debug|Any CPU
		{11CAAEB7-DFEB-4367-9139-49BE7E2C8B48}.Release|Any CPU.ActiveCfg = Release|Any CPU
		{11CAAEB7-DFEB-4367-9139-49BE7E2C8B48}.Release|Any CPU.Build.0 = Release|Any CPU
	EndGlobalSection
	GlobalSection(SolutionProperties) = preSolution
		HideSolutionNode = FALSE
	EndGlobalSection
	GlobalSection(ExtensibilityGlobals) = postSolution
		SolutionGuid = {059C9096-B389-45BA-AF7D-8D471E885A18}
	EndGlobalSection
EndGlobal
